
Microsoft Visual Studio Solution File, Format Version 12.00
# Visual Studio Version 16
VisualStudioVersion = 16.0.29424.173
MinimumVisualStudioVersion = 10.0.40219.1
Project("{8BC9CEB8-8B4A-11D0-8D11-00A0C91BC942}") = "Sesion3Lab", "Sesion3Lab\Sesion3Lab.vcxproj", "{FDF537A6-0A3D-4799-AD7F-620CA5110536}"
EndProject
Global
	GlobalSection(SolutionConfigurationPlatforms) = preSolution
		Debug|x64 = Debug|x64
		Debug|x86 = Debug|x86
		Release|x64 = Release|x64
		Release|x86 = Release|x86
	EndGlobalSection
	GlobalSection(ProjectConfigurationPlatforms) = postSolution
		{FDF537A6-0A3D-4799-AD7F-620CA5110536}.Debug|x64.ActiveCfg = Debug|x64
		{FDF537A6-0A3D-4799-AD7F-620CA5110536}.Debug|x64.Build.0 = Debug|x64
		{FDF537A6-0A3D-4799-AD7F-620CA5110536}.Debug|x86.ActiveCfg = Debug|Win32
		{FDF537A6-0A3D-4799-AD7F-620CA5110536}.Debug|x86.Build.0 = Debug|Win32
		{FDF537A6-0A3D-4799-AD7F-620CA5110536}.Release|x64.ActiveCfg = Release|x64
		{FDF537A6-0A3D-4799-AD7F-620CA5110536}.Release|x64.Build.0 = Release|x64
		{FDF537A6-0A3D-4799-AD7F-620CA5110536}.Release|x86.ActiveCfg = Release|Win32
		{FDF537A6-0A3D-4799-AD7F-620CA5110536}.Release|x86.Build.0 = Release|Win32
	EndGlobalSection
	GlobalSection(SolutionProperties) = preSolution
		HideSolutionNode = FALSE
	EndGlobalSection
	GlobalSection(ExtensibilityGlobals) = postSolution
		SolutionGuid = {897C58FB-A079-4729-8B2F-7675B302ADD3}
	EndGlobalSection
EndGlobal
